
Microsoft Visual Studio Solution File, Format Version 14.00
# Visual Studio 2015
Project("{8BC9CEB8-8B4A-11D0-8D11-00A0C91BC942}") = "Matrice", "Matrice.vcxproj", "{BFA5BB34-A05D-4D94-AA84-7A378C19EA68}"
EndProject
Global
	GlobalSection(SolutionConfigurationPlatforms) = preSolution
		Debug|Win32 = Debug|Win32
		Release|Win32 = Release|Win32
	EndGlobalSection
	GlobalSection(ProjectConfigurationPlatforms) = postSolution
		{BFA5BB34-A05D-4D94-AA84-7A378C19EA68}.Debug|Win32.ActiveCfg = Debug|Win32
		{BFA5BB34-A05D-4D94-AA84-7A378C19EA68}.Debug|Win32.Build.0 = Debug|Win32
		{BFA5BB34-A05D-4D94-AA84-7A378C19EA68}.Release|Win32.ActiveCfg = Release|Win32
		{BFA5BB34-A05D-4D94-AA84-7A378C19EA68}.Release|Win32.Build.0 = Release|Win32
	EndGlobalSection
	GlobalSection(SolutionProperties) = preSolution
		HideSolutionNode = FALSE
	EndGlobalSection
EndGlobal
